<Solution>
  <Folder Name="/Solution Items/">
    <File Path="docker-compose.yml" />
    <File Path="SlotInsert.sql" />
    <File Path="swagger.json" />
  </Folder>
  <Project Path="ApiGateway/ApiGateway.csproj" Id="b69aa70c-8cd0-496b-9273-6091cf361c35" />
  <Project Path="Migration.API/Migration.API.csproj" />
  <Project Path="Migration.Infrastracture/Migration.Infrastructure.csproj" />
  <Project Path="Migration.Worker/Migration.Worker.csproj" />
  <Project Path="TestProject/TestProject.csproj" Id="f630d2a1-52ce-4927-8d27-13ba61a5e89a" />
</Solution>
